
Microsoft Visual Studio Solution File, Format Version 12.00
# Visual Studio Version 16
VisualStudioVersion = 16.0.31624.102
MinimumVisualStudioVersion = 10.0.40219.1
Project("{8BC9CEB8-8B4A-11D0-8D11-00A0C91BC942}") = "lab-7.2.1", "lab-7.2.1.vcxproj", "{61D4CAEA-980F-4DB2-9869-32A27BD7445B}"
EndProject
Project("{8BC9CEB8-8B4A-11D0-8D11-00A0C91BC942}") = "UnitTest13", "..\UnitTest13\UnitTest13.vcxproj", "{60FABADF-0D4D-46E1-925D-6C791A808FEE}"
EndProject
Global
	GlobalSection(SolutionConfigurationPlatforms) = preSolution
		Debug|x64 = Debug|x64
		Debug|x86 = Debug|x86
		Release|x64 = Release|x64
		Release|x86 = Release|x86
	EndGlobalSection
	GlobalSection(ProjectConfigurationPlatforms) = postSolution
		{61D4CAEA-980F-4DB2-9869-32A27BD7445B}.Debug|x64.ActiveCfg = Debug|x64
		{61D4CAEA-980F-4DB2-9869-32A27BD7445B}.Debug|x64.Build.0 = Debug|x64
		{61D4CAEA-980F-4DB2-9869-32A27BD7445B}.Debug|x86.ActiveCfg = Debug|Win32
		{61D4CAEA-980F-4DB2-9869-32A27BD7445B}.Debug|x86.Build.0 = Debug|Win32
		{61D4CAEA-980F-4DB2-9869-32A27BD7445B}.Release|x64.ActiveCfg = Release|x64
		{61D4CAEA-980F-4DB2-9869-32A27BD7445B}.Release|x64.Build.0 = Release|x64
		{61D4CAEA-980F-4DB2-9869-32A27BD7445B}.Release|x86.ActiveCfg = Release|Win32
		{61D4CAEA-980F-4DB2-9869-32A27BD7445B}.Release|x86.Build.0 = Release|Win32
		{60FABADF-0D4D-46E1-925D-6C791A808FEE}.Debug|x64.ActiveCfg = Debug|x64
		{60FABADF-0D4D-46E1-925D-6C791A808FEE}.Debug|x64.Build.0 = Debug|x64
		{60FABADF-0D4D-46E1-925D-6C791A808FEE}.Debug|x86.ActiveCfg = Debug|Win32
		{60FABADF-0D4D-46E1-925D-6C791A808FEE}.Debug|x86.Build.0 = Debug|Win32
		{60FABADF-0D4D-46E1-925D-6C791A808FEE}.Release|x64.ActiveCfg = Release|x64
		{60FABADF-0D4D-46E1-925D-6C791A808FEE}.Release|x64.Build.0 = Release|x64
		{60FABADF-0D4D-46E1-925D-6C791A808FEE}.Release|x86.ActiveCfg = Release|Win32
		{60FABADF-0D4D-46E1-925D-6C791A808FEE}.Release|x86.Build.0 = Release|Win32
	EndGlobalSection
	GlobalSection(SolutionProperties) = preSolution
		HideSolutionNode = FALSE
	EndGlobalSection
	GlobalSection(ExtensibilityGlobals) = postSolution
		SolutionGuid = {EA094ADA-4379-4E44-9B6A-B52960AEA1E8}
	EndGlobalSection
EndGlobal
